PODS:
  - Realm (5.4.4):
    - Realm/Headers (= 5.4.4)
  - Realm/Headers (5.4.4)
  - RealmSwift (5.4.4):
    - Realm (= 5.4.4)
  - SwiftDate (6.2.0)

DEPENDENCIES:
  - RealmSwift
  - SwiftDate

SPEC REPOS:
  trunk:
    - Realm
    - RealmSwift
    - SwiftDate

SPEC CHECKSUMS:
  Realm: b845bf406e03b9c52a53e0de2394480288aa532a
  RealmSwift: b524ff07e4e92a34f4aecbe6ed1a613979a08bb9
  SwiftDate: d117c3eb6beed72e47d3f4d1e3bc63fa1e66d7c3

PODFILE CHECKSUM: ebcfdaac5690db13207ea79540dc789a880fc074

COCOAPODS: 1.10.0.rc.1
