PODS:
  - Realm (5.3.5):
    - Realm/Headers (= 5.3.5)
  - Realm/Headers (5.3.5)
  - RealmSwift (5.3.5):
    - Realm (= 5.3.5)
  - SwiftDate (6.1.0)

DEPENDENCIES:
  - RealmSwift
  - SwiftDate

SPEC REPOS:
  trunk:
    - Realm
    - RealmSwift
    - SwiftDate

SPEC CHECKSUMS:
  Realm: 2b52fcc86fc0ed3d75a56ac0eb1e73c4f1a60e16
  RealmSwift: a6ea2ea561039fc3833c08dec81371a9a3bb5ca6
  SwiftDate: fa2bb3962056bb44047b4b85a30044e5eae30b03

PODFILE CHECKSUM: ebcfdaac5690db13207ea79540dc789a880fc074

COCOAPODS: 1.9.3
